Microsoft Visual Studio Solution File, Format Version 12.00
# Visual Studio Version 17
VisualStudioVersion = 17.5.2.0
MinimumVisualStudioVersion = 10.0.40219.1
Project("{FAE04EC0-301F-11D3-BF4B-00C04F79EFBC}") = "ProteinOnWheelsAPI", "ProteinOnWheelsAPI.csproj", "{00F08B41-626F-D7F7-33DC-2DF6F77D74D8}"
EndProject
Global
	GlobalSection(SolutionConfigurationPlatforms) = preSolution
		Debug|Any CPU = Debug|Any CPU
		Release|Any CPU = Release|Any CPU
	EndGlobalSection
	GlobalSection(ProjectConfigurationPlatforms) = postSolution
		{00F08B41-626F-D7F7-33DC-2DF6F77D74D8}.Debug|Any CPU.ActiveCfg = Debug|Any CPU
		{00F08B41-626F-D7F7-33DC-2DF6F77D74D8}.Debug|Any CPU.Build.0 = Debug|Any CPU
		{00F08B41-626F-D7F7-33DC-2DF6F77D74D8}.Release|Any CPU.ActiveCfg = Release|Any CPU
		{00F08B41-626F-D7F7-33DC-2DF6F77D74D8}.Release|Any CPU.Build.0 = Release|Any CPU
	EndGlobalSection
	GlobalSection(SolutionProperties) = preSolution
		HideSolutionNode = FALSE
	EndGlobalSection
	GlobalSection(ExtensibilityGlobals) = postSolution
		SolutionGuid = {ED7B5409-B4D5-4054-B1EE-4C470FE0D4A1}
	EndGlobalSection
EndGlobal
